
Microsoft Visual Studio Solution File, Format Version 12.00
# Visual Studio Version 17
VisualStudioVersion = 17.14.36616.10 d17.14
MinimumVisualStudioVersion = 10.0.40219.1
Project("{FAE04EC0-301F-11D3-BF4B-00C04F79EFBC}") = "упражнение4", "упражнение4\упражнение4.csproj", "{5E308866-1406-494C-85CB-870EDFC2EB64}"
EndProject
Global
	GlobalSection(SolutionConfigurationPlatforms) = preSolution
		Debug|Any CPU = Debug|Any CPU
		Release|Any CPU = Release|Any CPU
	EndGlobalSection
	GlobalSection(ProjectConfigurationPlatforms) = postSolution
		{5E308866-1406-494C-85CB-870EDFC2EB64}.Debug|Any CPU.ActiveCfg = Debug|Any CPU
		{5E308866-1406-494C-85CB-870EDFC2EB64}.Debug|Any CPU.Build.0 = Debug|Any CPU
		{5E308866-1406-494C-85CB-870EDFC2EB64}.Release|Any CPU.ActiveCfg = Release|Any CPU
		{5E308866-1406-494C-85CB-870EDFC2EB64}.Release|Any CPU.Build.0 = Release|Any CPU
	EndGlobalSection
	GlobalSection(SolutionProperties) = preSolution
		HideSolutionNode = FALSE
	EndGlobalSection
	GlobalSection(ExtensibilityGlobals) = postSolution
		SolutionGuid = {4128039F-3566-429F-AD93-D078DF627FFC}
	EndGlobalSection
EndGlobal
