
Microsoft Visual Studio Solution File, Format Version 12.00
# Visual Studio Version 17
VisualStudioVersion = 17.14.36616.10 d17.14
MinimumVisualStudioVersion = 10.0.40219.1
Project("{FAE04EC0-301F-11D3-BF4B-00C04F79EFBC}") = "упражнение2.2", "упражнение2.2\упражнение2.2.csproj", "{9797155F-A31E-45C4-A20B-960980FB54E3}"
EndProject
Global
	GlobalSection(SolutionConfigurationPlatforms) = preSolution
		Debug|Any CPU = Debug|Any CPU
		Release|Any CPU = Release|Any CPU
	EndGlobalSection
	GlobalSection(ProjectConfigurationPlatforms) = postSolution
		{9797155F-A31E-45C4-A20B-960980FB54E3}.Debug|Any CPU.ActiveCfg = Debug|Any CPU
		{9797155F-A31E-45C4-A20B-960980FB54E3}.Debug|Any CPU.Build.0 = Debug|Any CPU
		{9797155F-A31E-45C4-A20B-960980FB54E3}.Release|Any CPU.ActiveCfg = Release|Any CPU
		{9797155F-A31E-45C4-A20B-960980FB54E3}.Release|Any CPU.Build.0 = Release|Any CPU
	EndGlobalSection
	GlobalSection(SolutionProperties) = preSolution
		HideSolutionNode = FALSE
	EndGlobalSection
	GlobalSection(ExtensibilityGlobals) = postSolution
		SolutionGuid = {CFC9B7E1-63DB-446C-A105-1FE3CB436542}
	EndGlobalSection
EndGlobal
