
Microsoft Visual Studio Solution File, Format Version 12.00
# Visual Studio Version 17
VisualStudioVersion = 17.14.36616.10 d17.14
MinimumVisualStudioVersion = 10.0.40219.1
Project("{FAE04EC0-301F-11D3-BF4B-00C04F79EFBC}") = "упражнение2", "упражнение2\упражнение2.csproj", "{D012595C-0D98-41FB-A1C7-9415C2F5F308}"
EndProject
Global
	GlobalSection(SolutionConfigurationPlatforms) = preSolution
		Debug|Any CPU = Debug|Any CPU
		Release|Any CPU = Release|Any CPU
	EndGlobalSection
	GlobalSection(ProjectConfigurationPlatforms) = postSolution
		{D012595C-0D98-41FB-A1C7-9415C2F5F308}.Debug|Any CPU.ActiveCfg = Debug|Any CPU
		{D012595C-0D98-41FB-A1C7-9415C2F5F308}.Debug|Any CPU.Build.0 = Debug|Any CPU
		{D012595C-0D98-41FB-A1C7-9415C2F5F308}.Release|Any CPU.ActiveCfg = Release|Any CPU
		{D012595C-0D98-41FB-A1C7-9415C2F5F308}.Release|Any CPU.Build.0 = Release|Any CPU
	EndGlobalSection
	GlobalSection(SolutionProperties) = preSolution
		HideSolutionNode = FALSE
	EndGlobalSection
	GlobalSection(ExtensibilityGlobals) = postSolution
		SolutionGuid = {F9E8784A-15A3-4CE9-9A82-9AE56B7D930C}
	EndGlobalSection
EndGlobal
