
Microsoft Visual Studio Solution File, Format Version 12.00
# Visual Studio Version 17
VisualStudioVersion = 17.14.36616.10 d17.14
MinimumVisualStudioVersion = 10.0.40219.1
Project("{FAE04EC0-301F-11D3-BF4B-00C04F79EFBC}") = "novella", "novella\novella.csproj", "{C64A3651-B06D-4D57-8E71-FB1B4F00144C}"
EndProject
Global
	GlobalSection(SolutionConfigurationPlatforms) = preSolution
		Debug|Any CPU = Debug|Any CPU
		Release|Any CPU = Release|Any CPU
	EndGlobalSection
	GlobalSection(ProjectConfigurationPlatforms) = postSolution
		{C64A3651-B06D-4D57-8E71-FB1B4F00144C}.Debug|Any CPU.ActiveCfg = Debug|Any CPU
		{C64A3651-B06D-4D57-8E71-FB1B4F00144C}.Debug|Any CPU.Build.0 = Debug|Any CPU
		{C64A3651-B06D-4D57-8E71-FB1B4F00144C}.Release|Any CPU.ActiveCfg = Release|Any CPU
		{C64A3651-B06D-4D57-8E71-FB1B4F00144C}.Release|Any CPU.Build.0 = Release|Any CPU
	EndGlobalSection
	GlobalSection(SolutionProperties) = preSolution
		HideSolutionNode = FALSE
	EndGlobalSection
	GlobalSection(ExtensibilityGlobals) = postSolution
		SolutionGuid = {B72E7049-1A91-4DAE-A04A-8BD6A99BB839}
	EndGlobalSection
EndGlobal
